
Microsoft Visual Studio Solution File, Format Version 12.00
# Visual Studio Version 17
VisualStudioVersion = 17.12.35506.116 d17.12
MinimumVisualStudioVersion = 10.0.40219.1
Project("{FAE04EC0-301F-11D3-BF4B-00C04F79EFBC}") = "Livraria.Domain", "Livraria.Domain\Livraria.Domain.csproj", "{AE849596-6466-42EB-9B1C-10462B451511}"
EndProject
Project("{FAE04EC0-301F-11D3-BF4B-00C04F79EFBC}") = "Livraria.Application", "Livraria.Aplication\Livraria.Application.csproj", "{FC2E8AE1-A3D4-4E0C-8DC2-2A6A9BD20079}"
EndProject
Project("{FAE04EC0-301F-11D3-BF4B-00C04F79EFBC}") = "Livraria.Infrastructure", "Livraria.Infrastructure\Livraria.Infrastructure.csproj", "{84478B9F-7543-436F-8D89-6959E3F48596}"
EndProject
Project("{FAE04EC0-301F-11D3-BF4B-00C04F79EFBC}") = "Livraria.CrossCutting", "Livraria.CrossCutting\Livraria.CrossCutting.csproj", "{0B9F3DE8-B632-443C-8963-45E286E272C0}"
EndProject
Project("{FAE04EC0-301F-11D3-BF4B-00C04F79EFBC}") = "Livraria.Blazor", "Livraria.Blazor\Livraria.Blazor.csproj", "{276BD831-D310-47D3-BDD4-9994FE499FDA}"
EndProject
Global
	GlobalSection(SolutionConfigurationPlatforms) = preSolution
		Debug|Any CPU = Debug|Any CPU
		Release|Any CPU = Release|Any CPU
	EndGlobalSection
	GlobalSection(ProjectConfigurationPlatforms) = postSolution
		{AE849596-6466-42EB-9B1C-10462B451511}.Debug|Any CPU.ActiveCfg = Debug|Any CPU
		{AE849596-6466-42EB-9B1C-10462B451511}.Debug|Any CPU.Build.0 = Debug|Any CPU
		{AE849596-6466-42EB-9B1C-10462B451511}.Release|Any CPU.ActiveCfg = Release|Any CPU
		{AE849596-6466-42EB-9B1C-10462B451511}.Release|Any CPU.Build.0 = Release|Any CPU
		{FC2E8AE1-A3D4-4E0C-8DC2-2A6A9BD20079}.Debug|Any CPU.ActiveCfg = Debug|Any CPU
		{FC2E8AE1-A3D4-4E0C-8DC2-2A6A9BD20079}.Debug|Any CPU.Build.0 = Debug|Any CPU
		{FC2E8AE1-A3D4-4E0C-8DC2-2A6A9BD20079}.Release|Any CPU.ActiveCfg = Release|Any CPU
		{FC2E8AE1-A3D4-4E0C-8DC2-2A6A9BD20079}.Release|Any CPU.Build.0 = Release|Any CPU
		{84478B9F-7543-436F-8D89-6959E3F48596}.Debug|Any CPU.ActiveCfg = Debug|Any CPU
		{84478B9F-7543-436F-8D89-6959E3F48596}.Debug|Any CPU.Build.0 = Debug|Any CPU
		{84478B9F-7543-436F-8D89-6959E3F48596}.Release|Any CPU.ActiveCfg = Release|Any CPU
		{84478B9F-7543-436F-8D89-6959E3F48596}.Release|Any CPU.Build.0 = Release|Any CPU
		{0B9F3DE8-B632-443C-8963-45E286E272C0}.Debug|Any CPU.ActiveCfg = Debug|Any CPU
		{0B9F3DE8-B632-443C-8963-45E286E272C0}.Debug|Any CPU.Build.0 = Debug|Any CPU
		{0B9F3DE8-B632-443C-8963-45E286E272C0}.Release|Any CPU.ActiveCfg = Release|Any CPU
		{0B9F3DE8-B632-443C-8963-45E286E272C0}.Release|Any CPU.Build.0 = Release|Any CPU
		{276BD831-D310-47D3-BDD4-9994FE499FDA}.Debug|Any CPU.ActiveCfg = Debug|Any CPU
		{276BD831-D310-47D3-BDD4-9994FE499FDA}.Debug|Any CPU.Build.0 = Debug|Any CPU
		{276BD831-D310-47D3-BDD4-9994FE499FDA}.Release|Any CPU.ActiveCfg = Release|Any CPU
		{276BD831-D310-47D3-BDD4-9994FE499FDA}.Release|Any CPU.Build.0 = Release|Any CPU
	EndGlobalSection
	GlobalSection(SolutionProperties) = preSolution
		HideSolutionNode = FALSE
	EndGlobalSection
EndGlobal
